
Microsoft Visual Studio Solution File, Format Version 12.00
# Visual Studio 14
VisualStudioVersion = 14.0.25420.1
MinimumVisualStudioVersion = 10.0.40219.1
Project("{FAE04EC0-301F-11D3-BF4B-00C04F79EFBC}") = "ControlLibrary", "ControlLibrary.csproj", "{7C0FB7A6-93BA-4468-B10D-F700FA10A0F4}"
EndProject
Global
	GlobalSection(SolutionConfigurationPlatforms) = preSolution
		Debug|Any CPU = Debug|Any CPU
		Release|Any CPU = Release|Any CPU
	EndGlobalSection
	GlobalSection(ProjectConfigurationPlatforms) = postSolution
		{7C0FB7A6-93BA-4468-B10D-F700FA10A0F4}.Debug|Any CPU.ActiveCfg = Debug|Any CPU
		{7C0FB7A6-93BA-4468-B10D-F700FA10A0F4}.Debug|Any CPU.Build.0 = Debug|Any CPU
		{7C0FB7A6-93BA-4468-B10D-F700FA10A0F4}.Release|Any CPU.ActiveCfg = Release|Any CPU
		{7C0FB7A6-93BA-4468-B10D-F700FA10A0F4}.Release|Any CPU.Build.0 = Release|Any CPU
	EndGlobalSection
	GlobalSection(SolutionProperties) = preSolution
		HideSolutionNode = FALSE
	EndGlobalSection
	GlobalSection(TeamFoundationVersionControl) = preSolution
		SccNumberOfProjects = 2
		SccEnterpriseProvider = {4CA58AB2-18FA-4F8D-95D4-32DDF27D184C}
		SccTeamFoundationServer = http://192.168.2.49:8080/tfs/tfs-jn-2016
		SccLocalPath0 = .
		SccProjectUniqueName1 = ControlLibrary.csproj
		SccLocalPath1 = .
	EndGlobalSection
EndGlobal
